
Microsoft Visual Studio Solution File, Format Version 12.00
# Visual Studio Version 17
VisualStudioVersion = 17.3.32901.215
MinimumVisualStudioVersion = 10.0.40219.1
Project("{FAE04EC0-301F-11D3-BF4B-00C04F79EFBC}") = "bölüm2uygulama3", "bölüm2uygulama3\bölüm2uygulama3.csproj", "{B88E4232-A20B-4265-AE1C-090562194E2F}"
EndProject
Global
	GlobalSection(SolutionConfigurationPlatforms) = preSolution
		Debug|Any CPU = Debug|Any CPU
		Release|Any CPU = Release|Any CPU
	EndGlobalSection
	GlobalSection(ProjectConfigurationPlatforms) = postSolution
		{B88E4232-A20B-4265-AE1C-090562194E2F}.Debug|Any CPU.ActiveCfg = Debug|Any CPU
		{B88E4232-A20B-4265-AE1C-090562194E2F}.Debug|Any CPU.Build.0 = Debug|Any CPU
		{B88E4232-A20B-4265-AE1C-090562194E2F}.Release|Any CPU.ActiveCfg = Release|Any CPU
		{B88E4232-A20B-4265-AE1C-090562194E2F}.Release|Any CPU.Build.0 = Release|Any CPU
	EndGlobalSection
	GlobalSection(SolutionProperties) = preSolution
		HideSolutionNode = FALSE
	EndGlobalSection
	GlobalSection(ExtensibilityGlobals) = postSolution
		SolutionGuid = {2B6BDD02-413B-41EF-A496-51CE7F90A830}
	EndGlobalSection
EndGlobal
